
Microsoft Visual Studio Solution File, Format Version 12.00
# Visual Studio Version 17
VisualStudioVersion = 17.4.33110.190
MinimumVisualStudioVersion = 10.0.40219.1
Project("{9A19103F-16F7-4668-BE54-9A1E7A4F7556}") = "WeddingOrg.WebApi", "WeddingOrg\WeddingOrg.WebApi.csproj", "{F82115A6-8382-464D-8AA8-D569A4AAC1FA}"
EndProject
Project("{9A19103F-16F7-4668-BE54-9A1E7A4F7556}") = "WeddingOrgBlazor", "WeddingOrgBlazor\WeddingOrgBlazor.csproj", "{EBB79DE7-C16B-4C74-B714-D9727E69B729}"
EndProject
Project("{9A19103F-16F7-4668-BE54-9A1E7A4F7556}") = "WeddingOrg.Application", "WeddingOrg.Application\WeddingOrg.Application.csproj", "{F1FA52DA-343F-41D2-A323-8EF2AADEC5B2}"
EndProject
Project("{9A19103F-16F7-4668-BE54-9A1E7A4F7556}") = "WeddingOrg.Infrastructure", "WeddingOrg.Infrastructure\WeddingOrg.Infrastructure.csproj", "{06AD8633-B84B-4A75-AE2F-DD923E424176}"
EndProject
Project("{9A19103F-16F7-4668-BE54-9A1E7A4F7556}") = "WeddingOrg.Domain", "WeddingOrg.Domain\WeddingOrg.Domain.csproj", "{0589FBB2-2271-4992-8864-01AE3009EF83}"
EndProject
Global
	GlobalSection(SolutionConfigurationPlatforms) = preSolution
		Debug|Any CPU = Debug|Any CPU
		Release|Any CPU = Release|Any CPU
	EndGlobalSection
	GlobalSection(ProjectConfigurationPlatforms) = postSolution
		{F82115A6-8382-464D-8AA8-D569A4AAC1FA}.Debug|Any CPU.ActiveCfg = Debug|Any CPU
		{F82115A6-8382-464D-8AA8-D569A4AAC1FA}.Debug|Any CPU.Build.0 = Debug|Any CPU
		{F82115A6-8382-464D-8AA8-D569A4AAC1FA}.Release|Any CPU.ActiveCfg = Release|Any CPU
		{F82115A6-8382-464D-8AA8-D569A4AAC1FA}.Release|Any CPU.Build.0 = Release|Any CPU
		{EBB79DE7-C16B-4C74-B714-D9727E69B729}.Debug|Any CPU.ActiveCfg = Debug|Any CPU
		{EBB79DE7-C16B-4C74-B714-D9727E69B729}.Debug|Any CPU.Build.0 = Debug|Any CPU
		{EBB79DE7-C16B-4C74-B714-D9727E69B729}.Release|Any CPU.ActiveCfg = Release|Any CPU
		{EBB79DE7-C16B-4C74-B714-D9727E69B729}.Release|Any CPU.Build.0 = Release|Any CPU
		{F1FA52DA-343F-41D2-A323-8EF2AADEC5B2}.Debug|Any CPU.ActiveCfg = Debug|Any CPU
		{F1FA52DA-343F-41D2-A323-8EF2AADEC5B2}.Debug|Any CPU.Build.0 = Debug|Any CPU
		{F1FA52DA-343F-41D2-A323-8EF2AADEC5B2}.Release|Any CPU.ActiveCfg = Release|Any CPU
		{F1FA52DA-343F-41D2-A323-8EF2AADEC5B2}.Release|Any CPU.Build.0 = Release|Any CPU
		{06AD8633-B84B-4A75-AE2F-DD923E424176}.Debug|Any CPU.ActiveCfg = Debug|Any CPU
		{06AD8633-B84B-4A75-AE2F-DD923E424176}.Debug|Any CPU.Build.0 = Debug|Any CPU
		{06AD8633-B84B-4A75-AE2F-DD923E424176}.Release|Any CPU.ActiveCfg = Release|Any CPU
		{06AD8633-B84B-4A75-AE2F-DD923E424176}.Release|Any CPU.Build.0 = Release|Any CPU
		{0589FBB2-2271-4992-8864-01AE3009EF83}.Debug|Any CPU.ActiveCfg = Debug|Any CPU
		{0589FBB2-2271-4992-8864-01AE3009EF83}.Debug|Any CPU.Build.0 = Debug|Any CPU
		{0589FBB2-2271-4992-8864-01AE3009EF83}.Release|Any CPU.ActiveCfg = Release|Any CPU
		{0589FBB2-2271-4992-8864-01AE3009EF83}.Release|Any CPU.Build.0 = Release|Any CPU
	EndGlobalSection
	GlobalSection(SolutionProperties) = preSolution
		HideSolutionNode = FALSE
	EndGlobalSection
	GlobalSection(ExtensibilityGlobals) = postSolution
		SolutionGuid = {E90A7F28-D9F3-45B2-9EF5-AB4965FDAB02}
	EndGlobalSection
EndGlobal
